Microsoft Visual Studio Solution File, Format Version 11.00
# Visual Studio 2008

Project("{2A7E4C1F-9BC3-57AE-A0F3-3DCAA260DCB8}") = "custom-robo-ar", "Assembly-CSharp.csproj", "{951A5D9C-7D05-3D6C-C183-C21DA311FA2D}"
EndProject
Project("{2A7E4C1F-9BC3-57AE-A0F3-3DCAA260DCB8}") = "custom-robo-ar", "Assembly-CSharp-Editor.csproj", "{293FD011-66BA-70E2-F929-1368513F617D}"
EndProject
Global
	GlobalSection(SolutionConfigurationPlatforms) = preSolution
		Debug|Any CPU = Debug|Any CPU
		Release|Any CPU = Release|Any CPU
	EndGlobalSection
	GlobalSection(ProjectConfigurationPlatforms) = postSolution
		{951A5D9C-7D05-3D6C-C183-C21DA311FA2D}.Debug|Any CPU.ActiveCfg = Debug|Any CPU
		{951A5D9C-7D05-3D6C-C183-C21DA311FA2D}.Debug|Any CPU.Build.0 = Debug|Any CPU
		{951A5D9C-7D05-3D6C-C183-C21DA311FA2D}.Release|Any CPU.ActiveCfg = Release|Any CPU
		{951A5D9C-7D05-3D6C-C183-C21DA311FA2D}.Release|Any CPU.Build.0 = Release|Any CPU
		{293FD011-66BA-70E2-F929-1368513F617D}.Debug|Any CPU.ActiveCfg = Debug|Any CPU
		{293FD011-66BA-70E2-F929-1368513F617D}.Debug|Any CPU.Build.0 = Debug|Any CPU
		{293FD011-66BA-70E2-F929-1368513F617D}.Release|Any CPU.ActiveCfg = Release|Any CPU
		{293FD011-66BA-70E2-F929-1368513F617D}.Release|Any CPU.Build.0 = Release|Any CPU
	EndGlobalSection
	GlobalSection(SolutionProperties) = preSolution
		HideSolutionNode = FALSE
	EndGlobalSection
																								GlobalSection(MonoDevelopProperties) = preSolution
		StartupItem = Assembly-CSharp.csproj
		Policies = $0
		$0.TextStylePolicy = $1
		$1.inheritsSet = null
		$1.scope = text/x-csharp
		$0.CSharpFormattingPolicy = $2
		$2.inheritsSet = Mono
		$2.inheritsScope = text/x-csharp
		$2.scope = text/x-csharp
		$0.TextStylePolicy = $3
		$3.FileWidth = 120
		$3.TabWidth = 4
		$3.IndentWidth = 4
		$3.EolMarker = Unix
		$3.inheritsSet = Mono
		$3.inheritsScope = text/plain
		$3.scope = text/plain
	EndGlobalSection

EndGlobal
